
Microsoft Visual Studio Solution File, Format Version 12.00
# Visual Studio 2013
VisualStudioVersion = 12.0.31101.0
MinimumVisualStudioVersion = 10.0.40219.1
Project("{FAE04EC0-301F-11D3-BF4B-00C04F79EFBC}") = "AsyncInit", "AsyncInit\Portable\AsyncInit.csproj", "{5D05A77A-2FC8-4566-90F4-853D7E7B76E3}"
EndProject
Project("{FAE04EC0-301F-11D3-BF4B-00C04F79EFBC}") = "AsyncInit.Portable.Net45", "AsyncInit\Portable.Net45\AsyncInit.Portable.Net45.csproj", "{826891F8-3620-4D30-BB2F-09341A4656F4}"
EndProject
Project("{FAE04EC0-301F-11D3-BF4B-00C04F79EFBC}") = "AsyncInit.Net45", "AsyncInit\Net45\AsyncInit.Net45.csproj", "{F38501B6-5961-468B-B98B-777FFF19A1EE}"
EndProject
Project("{2150E333-8FDC-42A3-9474-1A3956D46DE8}") = "Solution Items", "Solution Items", "{475D0F4B-FC41-4E66-BC4A-F6FDF26522C5}"
	ProjectSection(SolutionItems) = preProject
		Solution Items\CommonAssemblyInfo.cs = Solution Items\CommonAssemblyInfo.cs
		LICENSE = LICENSE
		NOTICE = NOTICE
		AsyncInit\README.txt = AsyncInit\README.txt
	EndProjectSection
EndProject
Global
	GlobalSection(SolutionConfigurationPlatforms) = preSolution
		Debug|Any CPU = Debug|Any CPU
		Release|Any CPU = Release|Any CPU
	EndGlobalSection
	GlobalSection(ProjectConfigurationPlatforms) = postSolution
		{5D05A77A-2FC8-4566-90F4-853D7E7B76E3}.Debug|Any CPU.ActiveCfg = Debug|Any CPU
		{5D05A77A-2FC8-4566-90F4-853D7E7B76E3}.Debug|Any CPU.Build.0 = Debug|Any CPU
		{5D05A77A-2FC8-4566-90F4-853D7E7B76E3}.Release|Any CPU.ActiveCfg = Release|Any CPU
		{5D05A77A-2FC8-4566-90F4-853D7E7B76E3}.Release|Any CPU.Build.0 = Release|Any CPU
		{826891F8-3620-4D30-BB2F-09341A4656F4}.Debug|Any CPU.ActiveCfg = Debug|Any CPU
		{826891F8-3620-4D30-BB2F-09341A4656F4}.Debug|Any CPU.Build.0 = Debug|Any CPU
		{826891F8-3620-4D30-BB2F-09341A4656F4}.Release|Any CPU.ActiveCfg = Release|Any CPU
		{826891F8-3620-4D30-BB2F-09341A4656F4}.Release|Any CPU.Build.0 = Release|Any CPU
		{F38501B6-5961-468B-B98B-777FFF19A1EE}.Debug|Any CPU.ActiveCfg = Debug|Any CPU
		{F38501B6-5961-468B-B98B-777FFF19A1EE}.Debug|Any CPU.Build.0 = Debug|Any CPU
		{F38501B6-5961-468B-B98B-777FFF19A1EE}.Release|Any CPU.ActiveCfg = Release|Any CPU
		{F38501B6-5961-468B-B98B-777FFF19A1EE}.Release|Any CPU.Build.0 = Release|Any CPU
	EndGlobalSection
	GlobalSection(SolutionProperties) = preSolution
		HideSolutionNode = FALSE
	EndGlobalSection
EndGlobal
